
Microsoft Visual Studio Solution File, Format Version 9.00
# Visual C++ Express 2005
Project("{8BC9CEB8-8B4A-11D0-8D11-00A0C91BC942}") = "hub4com", "hub4com.vcproj", "{AC4EC208-ED55-4F9D-ACDD-A57642C3C296}"
EndProject
Project("{8BC9CEB8-8B4A-11D0-8D11-00A0C91BC942}") = "port-serial", "plugins\serial\serial.vcproj", "{031557BD-5B2D-4B87-B40D-2DD9C43E68BC}"
EndProject
Project("{8BC9CEB8-8B4A-11D0-8D11-00A0C91BC942}") = "port-tcp", "plugins\tcp\tcp.vcproj", "{A1F397C9-2779-49D9-886F-A25D5E41EB0B}"
EndProject
Project("{8BC9CEB8-8B4A-11D0-8D11-00A0C91BC942}") = "filter-telnet", "plugins\telnet\telnet.vcproj", "{BE3A1495-71A9-4B47-B1AC-44CB14A6E721}"
EndProject
Project("{8BC9CEB8-8B4A-11D0-8D11-00A0C91BC942}") = "filter-awakseq", "plugins\awakseq\awakseq.vcproj", "{58AC48ED-1D7D-4947-8BAA-4CD813B24760}"
EndProject
Project("{8BC9CEB8-8B4A-11D0-8D11-00A0C91BC942}") = "filter-pin2con", "plugins\pin2con\pin2con.vcproj", "{1706553E-2EDE-4A20-96A5-60ACD10A8F2D}"
EndProject
Project("{8BC9CEB8-8B4A-11D0-8D11-00A0C91BC942}") = "filter-echo", "plugins\echo\echo.vcproj", "{F0ACE42D-3488-4054-B683-3B4BC43CD239}"
EndProject
Project("{8BC9CEB8-8B4A-11D0-8D11-00A0C91BC942}") = "filter-pinmap", "plugins\pinmap\pinmap.vcproj", "{DC90F370-D011-4C9A-BD59-6BDC9BC161C0}"
EndProject
Project("{8BC9CEB8-8B4A-11D0-8D11-00A0C91BC942}") = "filter-escparse", "plugins\escparse\escparse.vcproj", "{B56122ED-F2E6-4FA1-8E85-B8C606ED9400}"
EndProject
Project("{8BC9CEB8-8B4A-11D0-8D11-00A0C91BC942}") = "filter-trace", "plugins\trace\trace.vcproj", "{EDA524BD-8193-49E5-995E-9EE533E2641E}"
EndProject
Project("{8BC9CEB8-8B4A-11D0-8D11-00A0C91BC942}") = "filter-escinsert", "plugins\escinsert\escinsert.vcproj", "{4BFE1E9D-47D4-4172-A749-9AC2626C88F3}"
EndProject
Project("{8BC9CEB8-8B4A-11D0-8D11-00A0C91BC942}") = "filter-linectl", "plugins\linectl\linectl.vcproj", "{8060E11C-18B2-4F9D-BDC0-A37726A3B8B9}"
EndProject
Project("{8BC9CEB8-8B4A-11D0-8D11-00A0C91BC942}") = "filter-lsrmap", "plugins\lsrmap\lsrmap.vcproj", "{9089D426-5B23-4F82-B32E-33D56AF225DC}"
EndProject
Project("{8BC9CEB8-8B4A-11D0-8D11-00A0C91BC942}") = "port-connector", "plugins\connector\connector.vcproj", "{630AEA21-57A9-4803-BA9A-F85DCB73CD5D}"
EndProject
Project("{8BC9CEB8-8B4A-11D0-8D11-00A0C91BC942}") = "filter-tag", "plugins\tag\tag.vcproj", "{523E524B-786C-45AB-A393-5135706449BC}"
EndProject
Project("{8BC9CEB8-8B4A-11D0-8D11-00A0C91BC942}") = "filter-crypt", "plugins\crypt\crypt.vcproj", "{FEB9BD18-B0EA-460F-8404-C97BD2623227}"
EndProject
Project("{8BC9CEB8-8B4A-11D0-8D11-00A0C91BC942}") = "filter-purge", "plugins\purge\purge.vcproj", "{EAC5A50E-9D86-4EC0-B57D-CBEC0ABDCECC}"
EndProject
Global
	GlobalSection(SolutionConfigurationPlatforms) = preSolution
		Debug|Win32 = Debug|Win32
		Release|Win32 = Release|Win32
	EndGlobalSection
	GlobalSection(ProjectConfigurationPlatforms) = postSolution
		{AC4EC208-ED55-4F9D-ACDD-A57642C3C296}.Debug|Win32.ActiveCfg = Debug|Win32
		{AC4EC208-ED55-4F9D-ACDD-A57642C3C296}.Debug|Win32.Build.0 = Debug|Win32
		{AC4EC208-ED55-4F9D-ACDD-A57642C3C296}.Release|Win32.ActiveCfg = Release|Win32
		{AC4EC208-ED55-4F9D-ACDD-A57642C3C296}.Release|Win32.Build.0 = Release|Win32
		{031557BD-5B2D-4B87-B40D-2DD9C43E68BC}.Debug|Win32.ActiveCfg = Debug|Win32
		{031557BD-5B2D-4B87-B40D-2DD9C43E68BC}.Debug|Win32.Build.0 = Debug|Win32
		{031557BD-5B2D-4B87-B40D-2DD9C43E68BC}.Release|Win32.ActiveCfg = Release|Win32
		{031557BD-5B2D-4B87-B40D-2DD9C43E68BC}.Release|Win32.Build.0 = Release|Win32
		{A1F397C9-2779-49D9-886F-A25D5E41EB0B}.Debug|Win32.ActiveCfg = Debug|Win32
		{A1F397C9-2779-49D9-886F-A25D5E41EB0B}.Debug|Win32.Build.0 = Debug|Win32
		{A1F397C9-2779-49D9-886F-A25D5E41EB0B}.Release|Win32.ActiveCfg = Release|Win32
		{A1F397C9-2779-49D9-886F-A25D5E41EB0B}.Release|Win32.Build.0 = Release|Win32
		{BE3A1495-71A9-4B47-B1AC-44CB14A6E721}.Debug|Win32.ActiveCfg = Debug|Win32
		{BE3A1495-71A9-4B47-B1AC-44CB14A6E721}.Debug|Win32.Build.0 = Debug|Win32
		{BE3A1495-71A9-4B47-B1AC-44CB14A6E721}.Release|Win32.ActiveCfg = Release|Win32
		{BE3A1495-71A9-4B47-B1AC-44CB14A6E721}.Release|Win32.Build.0 = Release|Win32
		{58AC48ED-1D7D-4947-8BAA-4CD813B24760}.Debug|Win32.ActiveCfg = Debug|Win32
		{58AC48ED-1D7D-4947-8BAA-4CD813B24760}.Debug|Win32.Build.0 = Debug|Win32
		{58AC48ED-1D7D-4947-8BAA-4CD813B24760}.Release|Win32.ActiveCfg = Release|Win32
		{58AC48ED-1D7D-4947-8BAA-4CD813B24760}.Release|Win32.Build.0 = Release|Win32
		{1706553E-2EDE-4A20-96A5-60ACD10A8F2D}.Debug|Win32.ActiveCfg = Debug|Win32
		{1706553E-2EDE-4A20-96A5-60ACD10A8F2D}.Debug|Win32.Build.0 = Debug|Win32
		{1706553E-2EDE-4A20-96A5-60ACD10A8F2D}.Release|Win32.ActiveCfg = Release|Win32
		{1706553E-2EDE-4A20-96A5-60ACD10A8F2D}.Release|Win32.Build.0 = Release|Win32
		{F0ACE42D-3488-4054-B683-3B4BC43CD239}.Debug|Win32.ActiveCfg = Debug|Win32
		{F0ACE42D-3488-4054-B683-3B4BC43CD239}.Debug|Win32.Build.0 = Debug|Win32
		{F0ACE42D-3488-4054-B683-3B4BC43CD239}.Release|Win32.ActiveCfg = Release|Win32
		{F0ACE42D-3488-4054-B683-3B4BC43CD239}.Release|Win32.Build.0 = Release|Win32
		{DC90F370-D011-4C9A-BD59-6BDC9BC161C0}.Debug|Win32.ActiveCfg = Debug|Win32
		{DC90F370-D011-4C9A-BD59-6BDC9BC161C0}.Debug|Win32.Build.0 = Debug|Win32
		{DC90F370-D011-4C9A-BD59-6BDC9BC161C0}.Release|Win32.ActiveCfg = Release|Win32
		{DC90F370-D011-4C9A-BD59-6BDC9BC161C0}.Release|Win32.Build.0 = Release|Win32
		{B56122ED-F2E6-4FA1-8E85-B8C606ED9400}.Debug|Win32.ActiveCfg = Debug|Win32
		{B56122ED-F2E6-4FA1-8E85-B8C606ED9400}.Debug|Win32.Build.0 = Debug|Win32
		{B56122ED-F2E6-4FA1-8E85-B8C606ED9400}.Release|Win32.ActiveCfg = Release|Win32
		{B56122ED-F2E6-4FA1-8E85-B8C606ED9400}.Release|Win32.Build.0 = Release|Win32
		{EDA524BD-8193-49E5-995E-9EE533E2641E}.Debug|Win32.ActiveCfg = Debug|Win32
		{EDA524BD-8193-49E5-995E-9EE533E2641E}.Debug|Win32.Build.0 = Debug|Win32
		{EDA524BD-8193-49E5-995E-9EE533E2641E}.Release|Win32.ActiveCfg = Release|Win32
		{EDA524BD-8193-49E5-995E-9EE533E2641E}.Release|Win32.Build.0 = Release|Win32
		{4BFE1E9D-47D4-4172-A749-9AC2626C88F3}.Debug|Win32.ActiveCfg = Debug|Win32
		{4BFE1E9D-47D4-4172-A749-9AC2626C88F3}.Debug|Win32.Build.0 = Debug|Win32
		{4BFE1E9D-47D4-4172-A749-9AC2626C88F3}.Release|Win32.ActiveCfg = Release|Win32
		{4BFE1E9D-47D4-4172-A749-9AC2626C88F3}.Release|Win32.Build.0 = Release|Win32
		{8060E11C-18B2-4F9D-BDC0-A37726A3B8B9}.Debug|Win32.ActiveCfg = Debug|Win32
		{8060E11C-18B2-4F9D-BDC0-A37726A3B8B9}.Debug|Win32.Build.0 = Debug|Win32
		{8060E11C-18B2-4F9D-BDC0-A37726A3B8B9}.Release|Win32.ActiveCfg = Release|Win32
		{8060E11C-18B2-4F9D-BDC0-A37726A3B8B9}.Release|Win32.Build.0 = Release|Win32
		{9089D426-5B23-4F82-B32E-33D56AF225DC}.Debug|Win32.ActiveCfg = Debug|Win32
		{9089D426-5B23-4F82-B32E-33D56AF225DC}.Debug|Win32.Build.0 = Debug|Win32
		{9089D426-5B23-4F82-B32E-33D56AF225DC}.Release|Win32.ActiveCfg = Release|Win32
		{9089D426-5B23-4F82-B32E-33D56AF225DC}.Release|Win32.Build.0 = Release|Win32
		{630AEA21-57A9-4803-BA9A-F85DCB73CD5D}.Debug|Win32.ActiveCfg = Debug|Win32
		{630AEA21-57A9-4803-BA9A-F85DCB73CD5D}.Debug|Win32.Build.0 = Debug|Win32
		{630AEA21-57A9-4803-BA9A-F85DCB73CD5D}.Release|Win32.ActiveCfg = Release|Win32
		{630AEA21-57A9-4803-BA9A-F85DCB73CD5D}.Release|Win32.Build.0 = Release|Win32
		{523E524B-786C-45AB-A393-5135706449BC}.Debug|Win32.ActiveCfg = Debug|Win32
		{523E524B-786C-45AB-A393-5135706449BC}.Debug|Win32.Build.0 = Debug|Win32
		{523E524B-786C-45AB-A393-5135706449BC}.Release|Win32.ActiveCfg = Release|Win32
		{523E524B-786C-45AB-A393-5135706449BC}.Release|Win32.Build.0 = Release|Win32
		{FEB9BD18-B0EA-460F-8404-C97BD2623227}.Debug|Win32.ActiveCfg = Debug|Win32
		{FEB9BD18-B0EA-460F-8404-C97BD2623227}.Debug|Win32.Build.0 = Debug|Win32
		{FEB9BD18-B0EA-460F-8404-C97BD2623227}.Release|Win32.ActiveCfg = Release|Win32
		{FEB9BD18-B0EA-460F-8404-C97BD2623227}.Release|Win32.Build.0 = Release|Win32
		{EAC5A50E-9D86-4EC0-B57D-CBEC0ABDCECC}.Debug|Win32.ActiveCfg = Debug|Win32
		{EAC5A50E-9D86-4EC0-B57D-CBEC0ABDCECC}.Debug|Win32.Build.0 = Debug|Win32
		{EAC5A50E-9D86-4EC0-B57D-CBEC0ABDCECC}.Release|Win32.ActiveCfg = Release|Win32
		{EAC5A50E-9D86-4EC0-B57D-CBEC0ABDCECC}.Release|Win32.Build.0 = Release|Win32
	EndGlobalSection
	GlobalSection(SolutionProperties) = preSolution
		HideSolutionNode = FALSE
	EndGlobalSection
EndGlobal
